
Microsoft Visual Studio Solution File, Format Version 12.00
# Visual Studio Version 16
VisualStudioVersion = 16.0.31624.102
MinimumVisualStudioVersion = 10.0.40219.1
Project("{9A19103F-16F7-4668-BE54-9A1E7A4F7556}") = "WebShop", "WebShop\WebShop.csproj", "{714C6A05-75D7-4FC0-8030-E595DA3BC00B}"
EndProject
Project("{9A19103F-16F7-4668-BE54-9A1E7A4F7556}") = "Database.Data", "Database.Data\Database.Data.csproj", "{DD652EC4-293B-431C-A4B1-F125D6394CFE}"
EndProject
Project("{9A19103F-16F7-4668-BE54-9A1E7A4F7556}") = "Logic", "Logic\Logic.csproj", "{0872AAD0-6CDF-4399-9A62-BF987B862EDF}"
EndProject
Project("{9A19103F-16F7-4668-BE54-9A1E7A4F7556}") = "Interfaces", "Interfaces\Interfaces.csproj", "{12304947-1CEC-4505-9BD4-AB1F06FFD54D}"
EndProject
Project("{9A19103F-16F7-4668-BE54-9A1E7A4F7556}") = "Factory", "Factory\Factory.csproj", "{9B629482-2387-4FC0-9F3B-9EEFD44240A8}"
EndProject
Project("{9A19103F-16F7-4668-BE54-9A1E7A4F7556}") = "LogicTests", "LogicTests\LogicTests.csproj", "{DFCDDCC6-1910-4480-B866-3BD80CCFDEC4}"
EndProject
Global
	GlobalSection(SolutionConfigurationPlatforms) = preSolution
		Debug|Any CPU = Debug|Any CPU
		Release|Any CPU = Release|Any CPU
	EndGlobalSection
	GlobalSection(ProjectConfigurationPlatforms) = postSolution
		{714C6A05-75D7-4FC0-8030-E595DA3BC00B}.Debug|Any CPU.ActiveCfg = Debug|Any CPU
		{714C6A05-75D7-4FC0-8030-E595DA3BC00B}.Debug|Any CPU.Build.0 = Debug|Any CPU
		{714C6A05-75D7-4FC0-8030-E595DA3BC00B}.Release|Any CPU.ActiveCfg = Release|Any CPU
		{714C6A05-75D7-4FC0-8030-E595DA3BC00B}.Release|Any CPU.Build.0 = Release|Any CPU
		{DD652EC4-293B-431C-A4B1-F125D6394CFE}.Debug|Any CPU.ActiveCfg = Debug|Any CPU
		{DD652EC4-293B-431C-A4B1-F125D6394CFE}.Debug|Any CPU.Build.0 = Debug|Any CPU
		{DD652EC4-293B-431C-A4B1-F125D6394CFE}.Release|Any CPU.ActiveCfg = Release|Any CPU
		{DD652EC4-293B-431C-A4B1-F125D6394CFE}.Release|Any CPU.Build.0 = Release|Any CPU
		{0872AAD0-6CDF-4399-9A62-BF987B862EDF}.Debug|Any CPU.ActiveCfg = Debug|Any CPU
		{0872AAD0-6CDF-4399-9A62-BF987B862EDF}.Debug|Any CPU.Build.0 = Debug|Any CPU
		{0872AAD0-6CDF-4399-9A62-BF987B862EDF}.Release|Any CPU.ActiveCfg = Release|Any CPU
		{0872AAD0-6CDF-4399-9A62-BF987B862EDF}.Release|Any CPU.Build.0 = Release|Any CPU
		{12304947-1CEC-4505-9BD4-AB1F06FFD54D}.Debug|Any CPU.ActiveCfg = Debug|Any CPU
		{12304947-1CEC-4505-9BD4-AB1F06FFD54D}.Debug|Any CPU.Build.0 = Debug|Any CPU
		{12304947-1CEC-4505-9BD4-AB1F06FFD54D}.Release|Any CPU.ActiveCfg = Release|Any CPU
		{12304947-1CEC-4505-9BD4-AB1F06FFD54D}.Release|Any CPU.Build.0 = Release|Any CPU
		{9B629482-2387-4FC0-9F3B-9EEFD44240A8}.Debug|Any CPU.ActiveCfg = Debug|Any CPU
		{9B629482-2387-4FC0-9F3B-9EEFD44240A8}.Debug|Any CPU.Build.0 = Debug|Any CPU
		{9B629482-2387-4FC0-9F3B-9EEFD44240A8}.Release|Any CPU.ActiveCfg = Release|Any CPU
		{9B629482-2387-4FC0-9F3B-9EEFD44240A8}.Release|Any CPU.Build.0 = Release|Any CPU
		{DFCDDCC6-1910-4480-B866-3BD80CCFDEC4}.Debug|Any CPU.ActiveCfg = Debug|Any CPU
		{DFCDDCC6-1910-4480-B866-3BD80CCFDEC4}.Debug|Any CPU.Build.0 = Debug|Any CPU
		{DFCDDCC6-1910-4480-B866-3BD80CCFDEC4}.Release|Any CPU.ActiveCfg = Release|Any CPU
		{DFCDDCC6-1910-4480-B866-3BD80CCFDEC4}.Release|Any CPU.Build.0 = Release|Any CPU
	EndGlobalSection
	GlobalSection(SolutionProperties) = preSolution
		HideSolutionNode = FALSE
	EndGlobalSection
	GlobalSection(ExtensibilityGlobals) = postSolution
		SolutionGuid = {1CB04BC8-30D8-4C01-BB07-FC524C42E745}
	EndGlobalSection
EndGlobal
